
Microsoft Visual Studio Solution File, Format Version 12.00
# Visual Studio Version 16
VisualStudioVersion = 16.0.29215.179
MinimumVisualStudioVersion = 10.0.40219.1
Project("{FAE04EC0-301F-11D3-BF4B-00C04F79EFBC}") = "TestWork", "TestWork\TestWork.csproj", "{1874550E-BD7C-40ED-A34D-3F0242767C5C}"
EndProject
Global
	GlobalSection(SolutionConfigurationPlatforms) = preSolution
		Debug|Any CPU = Debug|Any CPU
		Release|Any CPU = Release|Any CPU
	EndGlobalSection
	GlobalSection(ProjectConfigurationPlatforms) = postSolution
		{1874550E-BD7C-40ED-A34D-3F0242767C5C}.Debug|Any CPU.ActiveCfg = Debug|Any CPU
		{1874550E-BD7C-40ED-A34D-3F0242767C5C}.Debug|Any CPU.Build.0 = Debug|Any CPU
		{1874550E-BD7C-40ED-A34D-3F0242767C5C}.Release|Any CPU.ActiveCfg = Release|Any CPU
		{1874550E-BD7C-40ED-A34D-3F0242767C5C}.Release|Any CPU.Build.0 = Release|Any CPU
	EndGlobalSection
	GlobalSection(SolutionProperties) = preSolution
		HideSolutionNode = FALSE
	EndGlobalSection
	GlobalSection(ExtensibilityGlobals) = postSolution
		SolutionGuid = {DD2B266A-0429-4825-8236-5367FFA54390}
	EndGlobalSection
EndGlobal
